
Microsoft Visual Studio Solution File, Format Version 12.00
# Visual Studio Version 17
VisualStudioVersion = 17.8.34330.188
MinimumVisualStudioVersion = 10.0.40219.1
Project("{FAE04EC0-301F-11D3-BF4B-00C04F79EFBC}") = "Chapter.Net.WPF.MessageBoxes", "Chapter.Net.WPF.MessageBoxes\Chapter.Net.WPF.MessageBoxes.csproj", "{108D8757-2357-408F-B02E-DD8672A27BF4}"
EndProject
Global
	GlobalSection(SolutionConfigurationPlatforms) = preSolution
		Debug|Any CPU = Debug|Any CPU
		Release|Any CPU = Release|Any CPU
	EndGlobalSection
	GlobalSection(ProjectConfigurationPlatforms) = postSolution
		{108D8757-2357-408F-B02E-DD8672A27BF4}.Debug|Any CPU.ActiveCfg = Debug|Any CPU
		{108D8757-2357-408F-B02E-DD8672A27BF4}.Debug|Any CPU.Build.0 = Debug|Any CPU
		{108D8757-2357-408F-B02E-DD8672A27BF4}.Release|Any CPU.ActiveCfg = Release|Any CPU
		{108D8757-2357-408F-B02E-DD8672A27BF4}.Release|Any CPU.Build.0 = Release|Any CPU
	EndGlobalSection
	GlobalSection(SolutionProperties) = preSolution
		HideSolutionNode = FALSE
	EndGlobalSection
	GlobalSection(ExtensibilityGlobals) = postSolution
		SolutionGuid = {09458AF4-E235-4E50-B0BA-BF49038A0C22}
	EndGlobalSection
EndGlobal
